// !$*UTF8*$!
{
	archiveVersion = 1;
	classes = {
	};
	objectVersion = 56;
	objects = {

/* Begin PBXBuildFile section */
		66BE3AB885E645E78F32B330 /* LinkPreviewService.swift in Sources */ = {isa = PBXBuildFile; fileRef = E1819D8DAE16409C80667DD2 /* LinkPreviewService.swift */; };
		CE2DD32FDAA64D63BAA63F43 /* RecipeBrowserView.swift in Sources */ = {isa = PBXBuildFile; fileRef = 5411142D015848BC8D8BF8C2 /* RecipeBrowserView.swift */; };
		E20823DE2F195EA800A0F4D5 /* DrinkPairingService.swift in Sources */ = {isa = PBXBuildFile; fileRef = E20823DD2F195EA800A0F4D5 /* DrinkPairingService.swift */; };
		E20823E02F195EED00A0F4D5 /* DrinkPairing.swift in Sources */ = {isa = PBXBuildFile; fileRef = E20823DF2F195EED00A0F4D5 /* DrinkPairing.swift */; };
		E20823E22F195FD100A0F4D5 /* drinkPairings.json in Resources */ = {isa = PBXBuildFile; fileRef = E20823E12F195FD100A0F4D5 /* drinkPairings.json */; };
		E20823E42F1960EF00A0F4D5 /* DrinkPairingSection.swift in Sources */ = {isa = PBXBuildFile; fileRef = E20823E32F1960EF00A0F4D5 /* DrinkPairingSection.swift */; };
		E22CEBBC2F175D210084801B /* CulinaryRole.swift in Sources */ = {isa = PBXBuildFile; fileRef = E22CEBBB2F175D210084801B /* CulinaryRole.swift */; };
		E22CEBBE2F176ACB0084801B /* RecipeSite.swift in Sources */ = {isa = PBXBuildFile; fileRef = E22CEBBD2F176ACB0084801B /* RecipeSite.swift */; };
		E22CEBC02F176B100084801B /* RecipeSitePreferencesView.swift in Sources */ = {isa = PBXBuildFile; fileRef = E22CEBBF2F176B100084801B /* RecipeSitePreferencesView.swift */; };
		E22CEBC22F1818740084801B /* LaunchScreen.storyboard in Resources */ = {isa = PBXBuildFile; fileRef = E22CEBC12F1818740084801B /* LaunchScreen.storyboard */; };
		E2B85C952F2098F600937AFE /* PantryLevel.swift in Sources */ = {isa = PBXBuildFile; fileRef = E2B85C942F2098F600937AFE /* PantryLevel.swift */; };
		E2B85C972F20991F00937AFE /* PantryLevelSettingsView.swift in Sources */ = {isa = PBXBuildFile; fileRef = E2B85C962F20991F00937AFE /* PantryLevelSettingsView.swift */; };
		E2B85C992F20AF7200937AFE /* RecipePreviewCard.swift in Sources */ = {isa = PBXBuildFile; fileRef = E2B85C982F20AF7200937AFE /* RecipePreviewCard.swift */; };
		E2B85C9B2F20AF8700937AFE /* MenuInfoSection.swift in Sources */ = {isa = PBXBuildFile; fileRef = E2B85C9A2F20AF8700937AFE /* MenuInfoSection.swift */; };
		FF000001001 /* FlavorFinderApp.swift in Sources */ = {isa = PBXBuildFile; fileRef = FF000001000 /* FlavorFinderApp.swift */; };
		FF000002001 /* ContentView.swift in Sources */ = {isa = PBXBuildFile; fileRef = FF000002000 /* ContentView.swift */; };
		FF000003001 /* Assets.xcassets in Resources */ = {isa = PBXBuildFile; fileRef = FF000003000 /* Assets.xcassets */; };
		FF000010001 /* TasteProfile.swift in Sources */ = {isa = PBXBuildFile; fileRef = FF000010000 /* TasteProfile.swift */; };
		FF000011001 /* Category.swift in Sources */ = {isa = PBXBuildFile; fileRef = FF000011000 /* Category.swift */; };
		FF000012001 /* IngredientProfile.swift in Sources */ = {isa = PBXBuildFile; fileRef = FF000012000 /* IngredientProfile.swift */; };
		FF000013001 /* DietaryRestriction.swift in Sources */ = {isa = PBXBuildFile; fileRef = FF000013000 /* DietaryRestriction.swift */; };
		FF000014001 /* Dish.swift in Sources */ = {isa = PBXBuildFile; fileRef = FF000014000 /* Dish.swift */; };
		FF000015001 /* SavedCombination.swift in Sources */ = {isa = PBXBuildFile; fileRef = FF000015000 /* SavedCombination.swift */; };
		FF000016001 /* SavedMenu.swift in Sources */ = {isa = PBXBuildFile; fileRef = FF000016000 /* SavedMenu.swift */; };
		FF000020001 /* FlavorPairingService.swift in Sources */ = {isa = PBXBuildFile; fileRef = FF000020000 /* FlavorPairingService.swift */; };
		FF000021001 /* IngredientService.swift in Sources */ = {isa = PBXBuildFile; fileRef = FF000021000 /* IngredientService.swift */; };
		FF000022001 /* DietaryService.swift in Sources */ = {isa = PBXBuildFile; fileRef = FF000022000 /* DietaryService.swift */; };
		FF000023001 /* CompatibilityEngine.swift in Sources */ = {isa = PBXBuildFile; fileRef = FF000023000 /* CompatibilityEngine.swift */; };
		FF000024001 /* SearchService.swift in Sources */ = {isa = PBXBuildFile; fileRef = FF000024000 /* SearchService.swift */; };
		FF000025001 /* TasteAnalyzer.swift in Sources */ = {isa = PBXBuildFile; fileRef = FF000025000 /* TasteAnalyzer.swift */; };
		FF000026001 /* MenuGenerator.swift in Sources */ = {isa = PBXBuildFile; fileRef = FF000026000 /* MenuGenerator.swift */; };
		FF000030001 /* IngredientSelectionVM.swift in Sources */ = {isa = PBXBuildFile; fileRef = FF000030000 /* IngredientSelectionVM.swift */; };
		FF000031001 /* SearchVM.swift in Sources */ = {isa = PBXBuildFile; fileRef = FF000031000 /* SearchVM.swift */; };
		FF000032001 /* TasteAnalysisVM.swift in Sources */ = {isa = PBXBuildFile; fileRef = FF000032000 /* TasteAnalysisVM.swift */; };
		FF000033001 /* MenuPlannerVM.swift in Sources */ = {isa = PBXBuildFile; fileRef = FF000033000 /* MenuPlannerVM.swift */; };
		FF000034001 /* SavedCombinationsVM.swift in Sources */ = {isa = PBXBuildFile; fileRef = FF000034000 /* SavedCombinationsVM.swift */; };
		FF000035001 /* SavedMenusVM.swift in Sources */ = {isa = PBXBuildFile; fileRef = FF000035000 /* SavedMenusVM.swift */; };
		FF000040001 /* MainTabView.swift in Sources */ = {isa = PBXBuildFile; fileRef = FF000040000 /* MainTabView.swift */; };
		FF000041001 /* DiscoverView.swift in Sources */ = {isa = PBXBuildFile; fileRef = FF000041000 /* DiscoverView.swift */; };
		FF000042001 /* IngredientSlotView.swift in Sources */ = {isa = PBXBuildFile; fileRef = FF000042000 /* IngredientSlotView.swift */; };
		FF000043001 /* ActionBar.swift in Sources */ = {isa = PBXBuildFile; fileRef = FF000043000 /* ActionBar.swift */; };
		FF000050001 /* IngredientSearchView.swift in Sources */ = {isa = PBXBuildFile; fileRef = FF000050000 /* IngredientSearchView.swift */; };
		FF000051001 /* FilterPanelView.swift in Sources */ = {isa = PBXBuildFile; fileRef = FF000051000 /* FilterPanelView.swift */; };
		FF000060001 /* TasteAnalysisSheet.swift in Sources */ = {isa = PBXBuildFile; fileRef = FF000060000 /* TasteAnalysisSheet.swift */; };
		FF000070001 /* SavedListView.swift in Sources */ = {isa = PBXBuildFile; fileRef = FF000070000 /* SavedListView.swift */; };
		FF000080001 /* MenuPlannerView.swift in Sources */ = {isa = PBXBuildFile; fileRef = FF000080000 /* MenuPlannerView.swift */; };
		FF000081001 /* MenuOverviewView.swift in Sources */ = {isa = PBXBuildFile; fileRef = FF000081000 /* MenuOverviewView.swift */; };
		FF000090001 /* SettingsView.swift in Sources */ = {isa = PBXBuildFile; fileRef = FF000090000 /* SettingsView.swift */; };
		FF0000A0001 /* TasteConstants.swift in Sources */ = {isa = PBXBuildFile; fileRef = FF0000A0000 /* TasteConstants.swift */; };
		FF0000A1001 /* String+Normalize.swift in Sources */ = {isa = PBXBuildFile; fileRef = FF0000A1000 /* String+Normalize.swift */; };
		FF0000B0001 /* flavorPairings.json in Resources */ = {isa = PBXBuildFile; fileRef = FF0000B0000 /* flavorPairings.json */; };
		FF0000B1001 /* ingredientProfiles.json in Resources */ = {isa = PBXBuildFile; fileRef = FF0000B1000 /* ingredientProfiles.json */; };
		FF0000C0001 /* ExpandingTextEditor.swift in Sources */ = {isa = PBXBuildFile; fileRef = FF0000C0000 /* ExpandingTextEditor.swift */; };
/* End PBXBuildFile section */

/* Begin PBXFileReference section */
		5411142D015848BC8D8BF8C2 /* RecipeBrowserView.swift */ = {isa = PBXFileReference; lastKnownFileType = sourcecode.swift; path = RecipeBrowserView.swift; sourceTree = "<group>"; };
		E1819D8DAE16409C80667DD2 /* LinkPreviewService.swift */ = {isa = PBXFileReference; lastKnownFileType = sourcecode.swift; path = LinkPreviewService.swift; sourceTree = "<group>"; };
		E20823DD2F195EA800A0F4D5 /* DrinkPairingService.swift */ = {isa = PBXFileReference; lastKnownFileType = sourcecode.swift; path = DrinkPairingService.swift; sourceTree = "<group>"; };
		E20823DF2F195EED00A0F4D5 /* DrinkPairing.swift */ = {isa = PBXFileReference; lastKnownFileType = sourcecode.swift; path = DrinkPairing.swift; sourceTree = "<group>"; };
		E20823E12F195FD100A0F4D5 /* drinkPairings.json */ = {isa = PBXFileReference; lastKnownFileType = text.json; path = drinkPairings.json; sourceTree = "<group>"; };
		E20823E32F1960EF00A0F4D5 /* DrinkPairingSection.swift */ = {isa = PBXFileReference; lastKnownFileType = sourcecode.swift; path = DrinkPairingSection.swift; sourceTree = "<group>"; };
		E22CEBBB2F175D210084801B /* CulinaryRole.swift */ = {isa = PBXFileReference; lastKnownFileType = sourcecode.swift; path = CulinaryRole.swift; sourceTree = "<group>"; };
		E22CEBBD2F176ACB0084801B /* RecipeSite.swift */ = {isa = PBXFileReference; lastKnownFileType = sourcecode.swift; path = RecipeSite.swift; sourceTree = "<group>"; };
		E22CEBBF2F176B100084801B /* RecipeSitePreferencesView.swift */ = {isa = PBXFileReference; lastKnownFileType = sourcecode.swift; path = RecipeSitePreferencesView.swift; sourceTree = "<group>"; };
		E22CEBC12F1818740084801B /* LaunchScreen.storyboard */ = {isa = PBXFileReference; lastKnownFileType = file.storyboard; path = LaunchScreen.storyboard; sourceTree = "<group>"; };
		E2B85C942F2098F600937AFE /* PantryLevel.swift */ = {isa = PBXFileReference; lastKnownFileType = sourcecode.swift; path = PantryLevel.swift; sourceTree = "<group>"; };
		E2B85C962F20991F00937AFE /* PantryLevelSettingsView.swift */ = {isa = PBXFileReference; lastKnownFileType = sourcecode.swift; path = PantryLevelSettingsView.swift; sourceTree = "<group>"; };
		E2B85C982F20AF7200937AFE /* RecipePreviewCard.swift */ = {isa = PBXFileReference; lastKnownFileType = sourcecode.swift; path = RecipePreviewCard.swift; sourceTree = "<group>"; };
		E2B85C9A2F20AF8700937AFE /* MenuInfoSection.swift */ = {isa = PBXFileReference; lastKnownFileType = sourcecode.swift; path = MenuInfoSection.swift; sourceTree = "<group>"; };
		E2DEE3592F0B219000EE5263 /* Info.plist */ = {isa = PBXFileReference; lastKnownFileType = text.plist; path = Info.plist; sourceTree = "<group>"; };
		FF000000000 /* FlavorFinder.app */ = {isa = PBXFileReference; explicitFileType = wrapper.application; includeInIndex = 0; path = FlavorFinder.app; sourceTree = BUILT_PRODUCTS_DIR; };
		FF000001000 /* FlavorFinderApp.swift */ = {isa = PBXFileReference; lastKnownFileType = sourcecode.swift; path = FlavorFinderApp.swift; sourceTree = "<group>"; };
		FF000002000 /* ContentView.swift */ = {isa = PBXFileReference; lastKnownFileType = sourcecode.swift; path = ContentView.swift; sourceTree = "<group>"; };
		FF000003000 /* Assets.xcassets */ = {isa = PBXFileReference; lastKnownFileType = folder.assetcatalog; path = Assets.xcassets; sourceTree = "<group>"; };
		FF000010000 /* TasteProfile.swift */ = {isa = PBXFileReference; lastKnownFileType = sourcecode.swift; path = TasteProfile.swift; sourceTree = "<group>"; };
		FF000011000 /* Category.swift */ = {isa = PBXFileReference; lastKnownFileType = sourcecode.swift; path = Category.swift; sourceTree = "<group>"; };
		FF000012000 /* IngredientProfile.swift */ = {isa = PBXFileReference; lastKnownFileType = sourcecode.swift; path = IngredientProfile.swift; sourceTree = "<group>"; };
		FF000013000 /* DietaryRestriction.swift */ = {isa = PBXFileReference; lastKnownFileType = sourcecode.swift; path = DietaryRestriction.swift; sourceTree = "<group>"; };
		FF000014000 /* Dish.swift */ = {isa = PBXFileReference; lastKnownFileType = sourcecode.swift; path = Dish.swift; sourceTree = "<group>"; };
		FF000015000 /* SavedCombination.swift */ = {isa = PBXFileReference; lastKnownFileType = sourcecode.swift; path = SavedCombination.swift; sourceTree = "<group>"; };
		FF000016000 /* SavedMenu.swift */ = {isa = PBXFileReference; lastKnownFileType = sourcecode.swift; path = SavedMenu.swift; sourceTree = "<group>"; };
		FF000020000 /* FlavorPairingService.swift */ = {isa = PBXFileReference; lastKnownFileType = sourcecode.swift; path = FlavorPairingService.swift; sourceTree = "<group>"; };
		FF000021000 /* IngredientService.swift */ = {isa = PBXFileReference; lastKnownFileType = sourcecode.swift; path = IngredientService.swift; sourceTree = "<group>"; };
		FF000022000 /* DietaryService.swift */ = {isa = PBXFileReference; lastKnownFileType = sourcecode.swift; path = DietaryService.swift; sourceTree = "<group>"; };
		FF000023000 /* CompatibilityEngine.swift */ = {isa = PBXFileReference; lastKnownFileType = sourcecode.swift; path = CompatibilityEngine.swift; sourceTree = "<group>"; };
		FF000024000 /* SearchService.swift */ = {isa = PBXFileReference; lastKnownFileType = sourcecode.swift; path = SearchService.swift; sourceTree = "<group>"; };
		FF000025000 /* TasteAnalyzer.swift */ = {isa = PBXFileReference; lastKnownFileType = sourcecode.swift; path = TasteAnalyzer.swift; sourceTree = "<group>"; };
		FF000026000 /* MenuGenerator.swift */ = {isa = PBXFileReference; lastKnownFileType = sourcecode.swift; path = MenuGenerator.swift; sourceTree = "<group>"; };
		FF000030000 /* IngredientSelectionVM.swift */ = {isa = PBXFileReference; lastKnownFileType = sourcecode.swift; path = IngredientSelectionVM.swift; sourceTree = "<group>"; };
		FF000031000 /* SearchVM.swift */ = {isa = PBXFileReference; lastKnownFileType = sourcecode.swift; path = SearchVM.swift; sourceTree = "<group>"; };
		FF000032000 /* TasteAnalysisVM.swift */ = {isa = PBXFileReference; lastKnownFileType = sourcecode.swift; path = TasteAnalysisVM.swift; sourceTree = "<group>"; };
		FF000033000 /* MenuPlannerVM.swift */ = {isa = PBXFileReference; lastKnownFileType = sourcecode.swift; path = MenuPlannerVM.swift; sourceTree = "<group>"; };
		FF000034000 /* SavedCombinationsVM.swift */ = {isa = PBXFileReference; lastKnownFileType = sourcecode.swift; path = SavedCombinationsVM.swift; sourceTree = "<group>"; };
		FF000035000 /* SavedMenusVM.swift */ = {isa = PBXFileReference; lastKnownFileType = sourcecode.swift; path = SavedMenusVM.swift; sourceTree = "<group>"; };
		FF000040000 /* MainTabView.swift */ = {isa = PBXFileReference; lastKnownFileType = sourcecode.swift; path = MainTabView.swift; sourceTree = "<group>"; };
		FF000041000 /* DiscoverView.swift */ = {isa = PBXFileReference; lastKnownFileType = sourcecode.swift; path = DiscoverView.swift; sourceTree = "<group>"; };
		FF000042000 /* IngredientSlotView.swift */ = {isa = PBXFileReference; lastKnownFileType = sourcecode.swift; path = IngredientSlotView.swift; sourceTree = "<group>"; };
		FF000043000 /* ActionBar.swift */ = {isa = PBXFileReference; lastKnownFileType = sourcecode.swift; path = ActionBar.swift; sourceTree = "<group>"; };
		FF000050000 /* IngredientSearchView.swift */ = {isa = PBXFileReference; lastKnownFileType = sourcecode.swift; path = IngredientSearchView.swift; sourceTree = "<group>"; };
		FF000051000 /* FilterPanelView.swift */ = {isa = PBXFileReference; lastKnownFileType = sourcecode.swift; path = FilterPanelView.swift; sourceTree = "<group>"; };
		FF000060000 /* TasteAnalysisSheet.swift */ = {isa = PBXFileReference; lastKnownFileType = sourcecode.swift; path = TasteAnalysisSheet.swift; sourceTree = "<group>"; };
		FF000070000 /* SavedListView.swift */ = {isa = PBXFileReference; lastKnownFileType = sourcecode.swift; path = SavedListView.swift; sourceTree = "<group>"; };
		FF000080000 /* MenuPlannerView.swift */ = {isa = PBXFileReference; lastKnownFileType = sourcecode.swift; path = MenuPlannerView.swift; sourceTree = "<group>"; };
		FF000081000 /* MenuOverviewView.swift */ = {isa = PBXFileReference; lastKnownFileType = sourcecode.swift; path = MenuOverviewView.swift; sourceTree = "<group>"; };
		FF000090000 /* SettingsView.swift */ = {isa = PBXFileReference; lastKnownFileType = sourcecode.swift; path = SettingsView.swift; sourceTree = "<group>"; };
		FF0000A0000 /* TasteConstants.swift */ = {isa = PBXFileReference; lastKnownFileType = sourcecode.swift; path = TasteConstants.swift; sourceTree = "<group>"; };
		FF0000A1000 /* String+Normalize.swift */ = {isa = PBXFileReference; lastKnownFileType = sourcecode.swift; path = "String+Normalize.swift"; sourceTree = "<group>"; };
		FF0000B0000 /* flavorPairings.json */ = {isa = PBXFileReference; lastKnownFileType = text.json; path = flavorPairings.json; sourceTree = "<group>"; };
		FF0000B1000 /* ingredientProfiles.json */ = {isa = PBXFileReference; lastKnownFileType = text.json; path = ingredientProfiles.json; sourceTree = "<group>"; };
		FF0000C0000 /* ExpandingTextEditor.swift */ = {isa = PBXFileReference; lastKnownFileType = sourcecode.swift; path = ExpandingTextEditor.swift; sourceTree = "<group>"; };
/* End PBXFileReference section */

/* Begin PBXGroup section */
		FF0000MAIN /* FlavorFinder */ = {
			isa = PBXGroup;
			children = (
				E22CEBC12F1818740084801B /* LaunchScreen.storyboard */,
				E2DEE3592F0B219000EE5263 /* Info.plist */,
				FF000001000 /* FlavorFinderApp.swift */,
				FF000002000 /* ContentView.swift */,
				FF0000MODL /* Models */,
				FF0000VMOL /* ViewModels */,
				FF0000VIEW /* Views */,
				FF0000SERV /* Services */,
				FF0000UTIL /* Utilities */,
				FF0000RSRC /* Resources */,
				FF000003000 /* Assets.xcassets */,
			);
			path = FlavorFinder;
			sourceTree = "<group>";
		};
		FF0000MODL /* Models */ = {
			isa = PBXGroup;
			children = (
				E2B85C942F2098F600937AFE /* PantryLevel.swift */,
				E20823DF2F195EED00A0F4D5 /* DrinkPairing.swift */,
				E22CEBBD2F176ACB0084801B /* RecipeSite.swift */,
				E22CEBBB2F175D210084801B /* CulinaryRole.swift */,
				FF000010000 /* TasteProfile.swift */,
				FF000011000 /* Category.swift */,
				FF000012000 /* IngredientProfile.swift */,
				FF000013000 /* DietaryRestriction.swift */,
				FF000014000 /* Dish.swift */,
				FF000015000 /* SavedCombination.swift */,
				FF000016000 /* SavedMenu.swift */,
			);
			path = Models;
			sourceTree = "<group>";
		};
		FF0000PROD /* Products */ = {
			isa = PBXGroup;
			children = (
				FF000000000 /* FlavorFinder.app */,
			);
			name = Products;
			sourceTree = "<group>";
		};
		FF0000ROOT = {
			isa = PBXGroup;
			children = (
				FF0000MAIN /* FlavorFinder */,
				FF0000PROD /* Products */,
			);
			sourceTree = "<group>";
		};
		FF0000RSRC /* Resources */ = {
			isa = PBXGroup;
			children = (
				FF0000R_DT /* Data */,
			);
			path = Resources;
			sourceTree = "<group>";
		};
		FF0000R_DT /* Data */ = {
			isa = PBXGroup;
			children = (
				E20823E12F195FD100A0F4D5 /* drinkPairings.json */,
				FF0000B0000 /* flavorPairings.json */,
				FF0000B1000 /* ingredientProfiles.json */,
			);
			path = Data;
			sourceTree = "<group>";
		};
		FF0000SERV /* Services */ = {
			isa = PBXGroup;
			children = (
				E20823DD2F195EA800A0F4D5 /* DrinkPairingService.swift */,
				FF000020000 /* FlavorPairingService.swift */,
				FF000021000 /* IngredientService.swift */,
				FF000022000 /* DietaryService.swift */,
				FF000023000 /* CompatibilityEngine.swift */,
				FF000024000 /* SearchService.swift */,
				FF000025000 /* TasteAnalyzer.swift */,
				FF000026000 /* MenuGenerator.swift */,
				E1819D8DAE16409C80667DD2 /* LinkPreviewService.swift */,
			);
			path = Services;
			sourceTree = "<group>";
		};
		FF0000UTIL /* Utilities */ = {
			isa = PBXGroup;
			children = (
				FF0000U_CN /* Constants */,
				FF0000U_EX /* Extensions */,
			);
			path = Utilities;
			sourceTree = "<group>";
		};
		FF0000U_CN /* Constants */ = {
			isa = PBXGroup;
			children = (
				FF0000A0000 /* TasteConstants.swift */,
			);
			path = Constants;
			sourceTree = "<group>";
		};
		FF0000U_EX /* Extensions */ = {
			isa = PBXGroup;
			children = (
				FF0000A1000 /* String+Normalize.swift */,
			);
			path = Extensions;
			sourceTree = "<group>";
		};
		FF0000VIEW /* Views */ = {
			isa = PBXGroup;
			children = (
				E2B85C962F20991F00937AFE /* PantryLevelSettingsView.swift */,
				E22CEBBF2F176B100084801B /* RecipeSitePreferencesView.swift */,
				FF0000V_MN /* Main */,
				FF0000V_SR /* Search */,
				FF0000V_AN /* Analysis */,
				FF0000V_SV /* Saved */,
				FF0000V_MP /* MenuPlanner */,
				FF0000V_ST /* Settings */,
				FF0000V_SH /* Shared */,
			);
			path = Views;
			sourceTree = "<group>";
		};
		FF0000VMOL /* ViewModels */ = {
			isa = PBXGroup;
			children = (
				FF000030000 /* IngredientSelectionVM.swift */,
				FF000031000 /* SearchVM.swift */,
				FF000032000 /* TasteAnalysisVM.swift */,
				FF000033000 /* MenuPlannerVM.swift */,
				FF000034000 /* SavedCombinationsVM.swift */,
				FF000035000 /* SavedMenusVM.swift */,
			);
			path = ViewModels;
			sourceTree = "<group>";
		};
		FF0000V_AN /* Analysis */ = {
			isa = PBXGroup;
			children = (
				FF000060000 /* TasteAnalysisSheet.swift */,
			);
			path = Analysis;
			sourceTree = "<group>";
		};
		FF0000V_MN /* Main */ = {
			isa = PBXGroup;
			children = (
				FF000040000 /* MainTabView.swift */,
				FF000041000 /* DiscoverView.swift */,
				FF000042000 /* IngredientSlotView.swift */,
				FF000043000 /* ActionBar.swift */,
			);
			path = Main;
			sourceTree = "<group>";
		};
		FF0000V_MP /* MenuPlanner */ = {
			isa = PBXGroup;
			children = (
				E2B85C9A2F20AF8700937AFE /* MenuInfoSection.swift */,
				E2B85C982F20AF7200937AFE /* RecipePreviewCard.swift */,
				E20823E32F1960EF00A0F4D5 /* DrinkPairingSection.swift */,
				FF000080000 /* MenuPlannerView.swift */,
				FF000081000 /* MenuOverviewView.swift */,
				5411142D015848BC8D8BF8C2 /* RecipeBrowserView.swift */,
				AB32906A91144F049871C90A /* RecipePreviewCard.swift */,
			);
			path = MenuPlanner;
			sourceTree = "<group>";
		};
		FF0000V_SR /* Search */ = {
			isa = PBXGroup;
			children = (
				FF000050000 /* IngredientSearchView.swift */,
				FF000051000 /* FilterPanelView.swift */,
			);
			path = Search;
			sourceTree = "<group>";
		};
		FF0000V_ST /* Settings */ = {
			isa = PBXGroup;
			children = (
				FF000090000 /* SettingsView.swift */,
			);
			path = Settings;
			sourceTree = "<group>";
		};
		FF0000V_SV /* Saved */ = {
			isa = PBXGroup;
			children = (
				FF000070000 /* SavedListView.swift */,
			);
			path = Saved;
			sourceTree = "<group>";
		};
		FF0000V_SH /* Shared */ = {
			isa = PBXGroup;
			children = (
				FF0000C0000 /* ExpandingTextEditor.swift */,
			);
			path = Shared;
			sourceTree = "<group>";
		};
/* End PBXGroup section */

/* Begin PBXNativeTarget section */
		FFNTARGET /* FlavorFinder */ = {
			isa = PBXNativeTarget;
			buildConfigurationList = FFBUILDCFGLST /* Build configuration list for PBXNativeTarget "FlavorFinder" */;
			buildPhases = (
				FFSOURCES /* Sources */,
				FFRESOURCES /* Resources */,
			);
			buildRules = (
			);
			dependencies = (
			);
			name = FlavorFinder;
			productName = FlavorFinder;
			productReference = FF000000000 /* FlavorFinder.app */;
			productType = "com.apple.product-type.application";
		};
/* End PBXNativeTarget section */

/* Begin PBXProject section */
		FFPROJECT /* Project object */ = {
			isa = PBXProject;
			attributes = {
				BuildIndependentTargetsInParallel = 1;
				LastSwiftUpdateCheck = 1500;
				LastUpgradeCheck = 2620;
				TargetAttributes = {
					FFNTARGET = {
						CreatedOnToolsVersion = 15.0;
					};
				};
			};
			buildConfigurationList = FFPROJECTCFG /* Build configuration list for PBXProject "FlavorFinder" */;
			compatibilityVersion = "Xcode 14.0";
			developmentRegion = en;
			hasScannedForEncodings = 0;
			knownRegions = (
				en,
				Base,
			);
			mainGroup = FF0000ROOT;
			productRefGroup = FF0000PROD /* Products */;
			projectDirPath = "";
			projectRoot = "";
			targets = (
				FFNTARGET /* FlavorFinder */,
			);
		};
/* End PBXProject section */

/* Begin PBXResourcesBuildPhase section */
		FFRESOURCES /* Resources */ = {
			isa = PBXResourcesBuildPhase;
			buildActionMask = 2147483647;
			files = (
				FF000003001 /* Assets.xcassets in Resources */,
				E22CEBC22F1818740084801B /* LaunchScreen.storyboard in Resources */,
				FF0000B0001 /* flavorPairings.json in Resources */,
				E20823E22F195FD100A0F4D5 /* drinkPairings.json in Resources */,
				FF0000B1001 /* ingredientProfiles.json in Resources */,
			);
			runOnlyForDeploymentPostprocessing = 0;
		};
/* End PBXResourcesBuildPhase section */

/* Begin PBXSourcesBuildPhase section */
		FFSOURCES /* Sources */ = {
			isa = PBXSourcesBuildPhase;
			buildActionMask = 2147483647;
			files = (
				E22CEBBE2F176ACB0084801B /* RecipeSite.swift in Sources */,
				FF000001001 /* FlavorFinderApp.swift in Sources */,
				FF000002001 /* ContentView.swift in Sources */,
				FF000010001 /* TasteProfile.swift in Sources */,
				FF000011001 /* Category.swift in Sources */,
				FF000012001 /* IngredientProfile.swift in Sources */,
				FF000013001 /* DietaryRestriction.swift in Sources */,
				FF000014001 /* Dish.swift in Sources */,
				FF000015001 /* SavedCombination.swift in Sources */,
				FF000016001 /* SavedMenu.swift in Sources */,
				E22CEBBC2F175D210084801B /* CulinaryRole.swift in Sources */,
				FF000020001 /* FlavorPairingService.swift in Sources */,
				FF000021001 /* IngredientService.swift in Sources */,
				FF000022001 /* DietaryService.swift in Sources */,
				FF000023001 /* CompatibilityEngine.swift in Sources */,
				FF000024001 /* SearchService.swift in Sources */,
				FF000025001 /* TasteAnalyzer.swift in Sources */,
				FF000026001 /* MenuGenerator.swift in Sources */,
				66BE3AB885E645E78F32B330 /* LinkPreviewService.swift in Sources */,
				FF000030001 /* IngredientSelectionVM.swift in Sources */,
				FF000031001 /* SearchVM.swift in Sources */,
				FF000032001 /* TasteAnalysisVM.swift in Sources */,
				E2B85C9B2F20AF8700937AFE /* MenuInfoSection.swift in Sources */,
				E2B85C972F20991F00937AFE /* PantryLevelSettingsView.swift in Sources */,
				FF000033001 /* MenuPlannerVM.swift in Sources */,
				FF000034001 /* SavedCombinationsVM.swift in Sources */,
				E2B85C992F20AF7200937AFE /* RecipePreviewCard.swift in Sources */,
				FF000035001 /* SavedMenusVM.swift in Sources */,
				FF000040001 /* MainTabView.swift in Sources */,
				FF000041001 /* DiscoverView.swift in Sources */,
				FF000042001 /* IngredientSlotView.swift in Sources */,
				FF000043001 /* ActionBar.swift in Sources */,
				E20823E02F195EED00A0F4D5 /* DrinkPairing.swift in Sources */,
				E20823DE2F195EA800A0F4D5 /* DrinkPairingService.swift in Sources */,
				FF000050001 /* IngredientSearchView.swift in Sources */,
				FF000051001 /* FilterPanelView.swift in Sources */,
				FF000060001 /* TasteAnalysisSheet.swift in Sources */,
				E2B85C952F2098F600937AFE /* PantryLevel.swift in Sources */,
				FF000070001 /* SavedListView.swift in Sources */,
				FF000080001 /* MenuPlannerView.swift in Sources */,
				FF000081001 /* MenuOverviewView.swift in Sources */,
				CE2DD32FDAA64D63BAA63F43 /* RecipeBrowserView.swift in Sources */,
				E20823E42F1960EF00A0F4D5 /* DrinkPairingSection.swift in Sources */,
				E22CEBC02F176B100084801B /* RecipeSitePreferencesView.swift in Sources */,
				FF000090001 /* SettingsView.swift in Sources */,
				FF0000A0001 /* TasteConstants.swift in Sources */,
				FF0000A1001 /* String+Normalize.swift in Sources */,
				FF0000C0001 /* ExpandingTextEditor.swift in Sources */,
			);
			runOnlyForDeploymentPostprocessing = 0;
		};
/* End PBXSourcesBuildPhase section */

/* Begin XCBuildConfiguration section */
		FFDEBUGCFG /* Debug */ = {
			isa = XCBuildConfiguration;
			buildSettings = {
				ALWAYS_SEARCH_USER_PATHS = NO;
				ASSETCATALOG_COMPILER_GENERATE_SWIFT_ASSET_SYMBOL_EXTENSIONS = YES;
				CLANG_ANALYZER_NONNULL = YES;
				CLANG_ANALYZER_NUMBER_OBJECT_CONVERSION = YES_AGGRESSIVE;
				CLANG_CXX_LANGUAGE_STANDARD = "gnu++20";
				CLANG_ENABLE_MODULES = YES;
				CLANG_ENABLE_OBJC_ARC = YES;
				CLANG_ENABLE_OBJC_WEAK = YES;
				CLANG_WARN_BLOCK_CAPTURE_AUTORELEASING = YES;
				CLANG_WARN_BOOL_CONVERSION = YES;
				CLANG_WARN_COMMA = YES;
				CLANG_WARN_CONSTANT_CONVERSION = YES;
				CLANG_WARN_DEPRECATED_OBJC_IMPLEMENTATIONS = YES;
				CLANG_WARN_DIRECT_OBJC_ISA_USAGE = YES_ERROR;
				CLANG_WARN_DOCUMENTATION_COMMENTS = YES;
				CLANG_WARN_EMPTY_BODY = YES;
				CLANG_WARN_ENUM_CONVERSION = YES;
				CLANG_WARN_INFINITE_RECURSION = YES;
				CLANG_WARN_INT_CONVERSION = YES;
				CLANG_WARN_NON_LITERAL_NULL_CONVERSION = YES;
				CLANG_WARN_OBJC_IMPLICIT_RETAIN_SELF = YES;
				CLANG_WARN_OBJC_LITERAL_CONVERSION = YES;
				CLANG_WARN_OBJC_ROOT_CLASS = YES_ERROR;
				CLANG_WARN_QUOTED_INCLUDE_IN_FRAMEWORK_HEADER = YES;
				CLANG_WARN_RANGE_LOOP_ANALYSIS = YES;
				CLANG_WARN_STRICT_PROTOTYPES = YES;
				CLANG_WARN_SUSPICIOUS_MOVE = YES;
				CLANG_WARN_UNGUARDED_AVAILABILITY = YES_AGGRESSIVE;
				CLANG_WARN_UNREACHABLE_CODE = YES;
				CLANG_WARN__DUPLICATE_METHOD_MATCH = YES;
				COPY_PHASE_STRIP = NO;
				DEBUG_INFORMATION_FORMAT = dwarf;
				DEVELOPMENT_TEAM = 94DVVZ3BGD;
				ENABLE_STRICT_OBJC_MSGSEND = YES;
				ENABLE_TESTABILITY = YES;
				ENABLE_USER_SCRIPT_SANDBOXING = YES;
				GCC_C_LANGUAGE_STANDARD = gnu17;
				GCC_DYNAMIC_NO_PIC = NO;
				GCC_NO_COMMON_BLOCKS = YES;
				GCC_OPTIMIZATION_LEVEL = 0;
				GCC_PREPROCESSOR_DEFINITIONS = (
					"DEBUG=1",
					"$(inherited)",
				);
				GCC_WARN_64_TO_32_BIT_CONVERSION = YES;
				GCC_WARN_ABOUT_RETURN_TYPE = YES_ERROR;
				GCC_WARN_UNDECLARED_SELECTOR = YES;
				GCC_WARN_UNINITIALIZED_AUTOS = YES_AGGRESSIVE;
				GCC_WARN_UNUSED_FUNCTION = YES;
				GCC_WARN_UNUSED_VARIABLE = YES;
				IPHONEOS_DEPLOYMENT_TARGET = 17.0;
				LOCALIZATION_PREFERS_STRING_CATALOGS = YES;
				MTL_ENABLE_DEBUG_INFO = INCLUDE_SOURCE;
				MTL_FAST_MATH = YES;
				ONLY_ACTIVE_ARCH = YES;
				SDKROOT = iphoneos;
				STRING_CATALOG_GENERATE_SYMBOLS = YES;
				SWIFT_ACTIVE_COMPILATION_CONDITIONS = "DEBUG $(inherited)";
				SWIFT_OPTIMIZATION_LEVEL = "-Onone";
			};
			name = Debug;
		};
		FFRELEASECFG /* Release */ = {
			isa = XCBuildConfiguration;
			buildSettings = {
				ALWAYS_SEARCH_USER_PATHS = NO;
				ASSETCATALOG_COMPILER_GENERATE_SWIFT_ASSET_SYMBOL_EXTENSIONS = YES;
				CLANG_ANALYZER_NONNULL = YES;
				CLANG_ANALYZER_NUMBER_OBJECT_CONVERSION = YES_AGGRESSIVE;
				CLANG_CXX_LANGUAGE_STANDARD = "gnu++20";
				CLANG_ENABLE_MODULES = YES;
				CLANG_ENABLE_OBJC_ARC = YES;
				CLANG_ENABLE_OBJC_WEAK = YES;
				CLANG_WARN_BLOCK_CAPTURE_AUTORELEASING = YES;
				CLANG_WARN_BOOL_CONVERSION = YES;
				CLANG_WARN_COMMA = YES;
				CLANG_WARN_CONSTANT_CONVERSION = YES;
				CLANG_WARN_DEPRECATED_OBJC_IMPLEMENTATIONS = YES;
				CLANG_WARN_DIRECT_OBJC_ISA_USAGE = YES_ERROR;
				CLANG_WARN_DOCUMENTATION_COMMENTS = YES;
				CLANG_WARN_EMPTY_BODY = YES;
				CLANG_WARN_ENUM_CONVERSION = YES;
				CLANG_WARN_INFINITE_RECURSION = YES;
				CLANG_WARN_INT_CONVERSION = YES;
				CLANG_WARN_NON_LITERAL_NULL_CONVERSION = YES;
				CLANG_WARN_OBJC_IMPLICIT_RETAIN_SELF = YES;
				CLANG_WARN_OBJC_LITERAL_CONVERSION = YES;
				CLANG_WARN_OBJC_ROOT_CLASS = YES_ERROR;
				CLANG_WARN_QUOTED_INCLUDE_IN_FRAMEWORK_HEADER = YES;
				CLANG_WARN_RANGE_LOOP_ANALYSIS = YES;
				CLANG_WARN_STRICT_PROTOTYPES = YES;
				CLANG_WARN_SUSPICIOUS_MOVE = YES;
				CLANG_WARN_UNGUARDED_AVAILABILITY = YES_AGGRESSIVE;
				CLANG_WARN_UNREACHABLE_CODE = YES;
				CLANG_WARN__DUPLICATE_METHOD_MATCH = YES;
				COPY_PHASE_STRIP = NO;
				DEBUG_INFORMATION_FORMAT = "dwarf-with-dsym";
				DEVELOPMENT_TEAM = 94DVVZ3BGD;
				ENABLE_NS_ASSERTIONS = NO;
				ENABLE_STRICT_OBJC_MSGSEND = YES;
				ENABLE_USER_SCRIPT_SANDBOXING = YES;
				GCC_C_LANGUAGE_STANDARD = gnu17;
				GCC_NO_COMMON_BLOCKS = YES;
				GCC_WARN_64_TO_32_BIT_CONVERSION = YES;
				GCC_WARN_ABOUT_RETURN_TYPE = YES_ERROR;
				GCC_WARN_UNDECLARED_SELECTOR = YES;
				GCC_WARN_UNINITIALIZED_AUTOS = YES_AGGRESSIVE;
				GCC_WARN_UNUSED_FUNCTION = YES;
				GCC_WARN_UNUSED_VARIABLE = YES;
				IPHONEOS_DEPLOYMENT_TARGET = 17.0;
				LOCALIZATION_PREFERS_STRING_CATALOGS = YES;
				MTL_ENABLE_DEBUG_INFO = NO;
				MTL_FAST_MATH = YES;
				SDKROOT = iphoneos;
				STRING_CATALOG_GENERATE_SYMBOLS = YES;
				SWIFT_COMPILATION_MODE = wholemodule;
				VALIDATE_PRODUCT = YES;
			};
			name = Release;
		};
		FFTARGETDEBUG /* Debug */ = {
			isa = XCBuildConfiguration;
			buildSettings = {
				ASSETCATALOG_COMPILER_APPICON_NAME = AppIcon;
				ASSETCATALOG_COMPILER_GLOBAL_ACCENT_COLOR_NAME = AccentColor;
				CODE_SIGN_STYLE = Automatic;
				CURRENT_PROJECT_VERSION = 1;
				ENABLE_PREVIEWS = YES;
				GENERATE_INFOPLIST_FILE = YES;
				INFOPLIST_FILE = FlavorFinder/Info.plist;
				INFOPLIST_KEY_CFBundleDisplayName = "Flavor Finder";
				INFOPLIST_KEY_UIApplicationSceneManifest_Generation = YES;
				INFOPLIST_KEY_UIApplicationSupportsIndirectInputEvents = YES;
				INFOPLIST_KEY_UISupportedInterfaceOrientations_iPad = "UIInterfaceOrientationPortrait UIInterfaceOrientationPortraitUpsideDown UIInterfaceOrientationLandscapeLeft UIInterfaceOrientationLandscapeRight";
				INFOPLIST_KEY_UISupportedInterfaceOrientations_iPhone = "UIInterfaceOrientationPortrait UIInterfaceOrientationLandscapeLeft UIInterfaceOrientationLandscapeRight";
				LD_RUNPATH_SEARCH_PATHS = (
					"$(inherited)",
					"@executable_path/Frameworks",
				);
				MARKETING_VERSION = 1.0;
				PRODUCT_BUNDLE_IDENTIFIER = com.coolmatt.flavorfinder;
				PRODUCT_NAME = "$(TARGET_NAME)";
				SWIFT_EMIT_LOC_STRINGS = YES;
				SWIFT_VERSION = 5.0;
				TARGETED_DEVICE_FAMILY = "1,2";
			};
			name = Debug;
		};
		FFTARGETRELEASE /* Release */ = {
			isa = XCBuildConfiguration;
			buildSettings = {
				ASSETCATALOG_COMPILER_APPICON_NAME = AppIcon;
				ASSETCATALOG_COMPILER_GLOBAL_ACCENT_COLOR_NAME = AccentColor;
				CODE_SIGN_STYLE = Automatic;
				CURRENT_PROJECT_VERSION = 1;
				ENABLE_PREVIEWS = YES;
				GENERATE_INFOPLIST_FILE = YES;
				INFOPLIST_FILE = FlavorFinder/Info.plist;
				INFOPLIST_KEY_CFBundleDisplayName = "Flavor Finder";
				INFOPLIST_KEY_UIApplicationSceneManifest_Generation = YES;
				INFOPLIST_KEY_UIApplicationSupportsIndirectInputEvents = YES;
				INFOPLIST_KEY_UISupportedInterfaceOrientations_iPad = "UIInterfaceOrientationPortrait UIInterfaceOrientationPortraitUpsideDown UIInterfaceOrientationLandscapeLeft UIInterfaceOrientationLandscapeRight";
				INFOPLIST_KEY_UISupportedInterfaceOrientations_iPhone = "UIInterfaceOrientationPortrait UIInterfaceOrientationLandscapeLeft UIInterfaceOrientationLandscapeRight";
				LD_RUNPATH_SEARCH_PATHS = (
					"$(inherited)",
					"@executable_path/Frameworks",
				);
				MARKETING_VERSION = 1.0;
				PRODUCT_BUNDLE_IDENTIFIER = com.coolmatt.flavorfinder;
				PRODUCT_NAME = "$(TARGET_NAME)";
				SWIFT_EMIT_LOC_STRINGS = YES;
				SWIFT_VERSION = 5.0;
				TARGETED_DEVICE_FAMILY = "1,2";
			};
			name = Release;
		};
/* End XCBuildConfiguration section */

/* Begin XCConfigurationList section */
		FFBUILDCFGLST /* Build configuration list for PBXNativeTarget "FlavorFinder" */ = {
			isa = XCConfigurationList;
			buildConfigurations = (
				FFTARGETDEBUG /* Debug */,
				FFTARGETRELEASE /* Release */,
			);
			defaultConfigurationIsVisible = 0;
			defaultConfigurationName = Release;
		};
		FFPROJECTCFG /* Build configuration list for PBXProject "FlavorFinder" */ = {
			isa = XCConfigurationList;
			buildConfigurations = (
				FFDEBUGCFG /* Debug */,
				FFRELEASECFG /* Release */,
			);
			defaultConfigurationIsVisible = 0;
			defaultConfigurationName = Release;
		};
/* End XCConfigurationList section */
	};
	rootObject = FFPROJECT /* Project object */;
}
